// !$*UTF8*$!
{
	archiveVersion = 1;
	classes = {
	};
	objectVersion = 50;
	objects = {

/* Begin PBXBuildFile section */
		16240DB126D88BF700D28D4E /* AppDelegate.swift in Sources */ = {isa = PBXBuildFile; fileRef = 16240DB026D88BF700D28D4E /* AppDelegate.swift */; };
		16240DB326D88BF700D28D4E /* SceneDelegate.swift in Sources */ = {isa = PBXBuildFile; fileRef = 16240DB226D88BF700D28D4E /* SceneDelegate.swift */; };
		16240DB526D88BF700D28D4E /* ViewController.swift in Sources */ = {isa = PBXBuildFile; fileRef = 16240DB426D88BF700D28D4E /* ViewController.swift */; };
		16240DB826D88BF700D28D4E /* Main.storyboard in Resources */ = {isa = PBXBuildFile; fileRef = 16240DB626D88BF700D28D4E /* Main.storyboard */; };
		16240DBA26D88BFA00D28D4E /* Assets.xcassets in Resources */ = {isa = PBXBuildFile; fileRef = 16240DB926D88BFA00D28D4E /* Assets.xcassets */; };
		16240DBD26D88BFA00D28D4E /* LaunchScreen.storyboard in Resources */ = {isa = PBXBuildFile; fileRef = 16240DBB26D88BFA00D28D4E /* LaunchScreen.storyboard */; };
/* End PBXBuildFile section */

/* Begin PBXFileReference section */
		16240DAD26D88BF700D28D4E /* Again_First_iOS.app */ = {isa = PBXFileReference; explicitFileType = wrapper.application; includeInIndex = 0; path = Again_First_iOS.app; sourceTree = BUILT_PRODUCTS_DIR; };
		16240DB026D88BF700D28D4E /* AppDelegate.swift */ = {isa = PBXFileReference; lastKnownFileType = sourcecode.swift; path = AppDelegate.swift; sourceTree = "<group>"; };
		16240DB226D88BF700D28D4E /* SceneDelegate.swift */ = {isa = PBXFileReference; lastKnownFileType = sourcecode.swift; path = SceneDelegate.swift; sourceTree = "<group>"; };
		16240DB426D88BF700D28D4E /* ViewController.swift */ = {isa = PBXFileReference; lastKnownFileType = sourcecode.swift; path = ViewController.swift; sourceTree = "<group>"; };
		16240DB726D88BF700D28D4E /* Base */ = {isa = PBXFileReference; lastKnownFileType = file.storyboard; name = Base; path = Base.lproj/Main.storyboard; sourceTree = "<group>"; };
		16240DB926D88BFA00D28D4E /* Assets.xcassets */ = {isa = PBXFileReference; lastKnownFileType = folder.assetcatalog; path = Assets.xcassets; sourceTree = "<group>"; };
		16240DBC26D88BFA00D28D4E /* Base */ = {isa = PBXFileReference; lastKnownFileType = file.storyboard; name = Base; path = Base.lproj/LaunchScreen.storyboard; sourceTree = "<group>"; };
		16240DBE26D88BFA00D28D4E /* Info.plist */ = {isa = PBXFileReference; lastKnownFileType = text.plist.xml; path = Info.plist; sourceTree = "<group>"; };
/* End PBXFileReference section */

/* Begin PBXFrameworksBuildPhase section */
		16240DAA26D88BF700D28D4E /* Frameworks */ = {
			isa = PBXFrameworksBuildPhase;
			buildActionMask = 2147483647;
			files = (
			);
			runOnlyForDeploymentPostprocessing = 0;
		};
/* End PBXFrameworksBuildPhase section */

/* Begin PBXGroup section */
		16240DA426D88BF700D28D4E = {
			isa = PBXGroup;
			children = (
				16240DAF26D88BF700D28D4E /* Again_First_iOS */,
				16240DAE26D88BF700D28D4E /* Products */,
			);
			sourceTree = "<group>";
		};
		16240DAE26D88BF700D28D4E /* Products */ = {
			isa = PBXGroup;
			children = (
				16240DAD26D88BF700D28D4E /* Again_First_iOS.app */,
			);
			name = Products;
			sourceTree = "<group>";
		};
		16240DAF26D88BF700D28D4E /* Again_First_iOS */ = {
			isa = PBXGroup;
			children = (
				16240DB026D88BF700D28D4E /* AppDelegate.swift */,
				16240DB226D88BF700D28D4E /* SceneDelegate.swift */,
				16240DB426D88BF700D28D4E /* ViewController.swift */,
				16240DB626D88BF700D28D4E /* Main.storyboard */,
				16240DB926D88BFA00D28D4E /* Assets.xcassets */,
				16240DBB26D88BFA00D28D4E /* LaunchScreen.storyboard */,
				16240DBE26D88BFA00D28D4E /* Info.plist */,
			);
			path = Again_First_iOS;
			sourceTree = "<group>";
		};
/* End PBXGroup section */

/* Begin PBXNativeTarget section */
		16240DAC26D88BF700D28D4E /* Again_First_iOS */ = {
			isa = PBXNativeTarget;
			buildConfigurationList = 16240DC126D88BFA00D28D4E /* Build configuration list for PBXNativeTarget "Again_First_iOS" */;
			buildPhases = (
				16240DA926D88BF700D28D4E /* Sources */,
				16240DAA26D88BF700D28D4E /* Frameworks */,
				16240DAB26D88BF700D28D4E /* Resources */,
			);
			buildRules = (
			);
			dependencies = (
			);
			name = Again_First_iOS;
			productName = Again_First_iOS;
			productReference = 16240DAD26D88BF700D28D4E /* Again_First_iOS.app */;
			productType = "com.apple.product-type.application";
		};
/* End PBXNativeTarget section */

/* Begin PBXProject section */
		16240DA526D88BF700D28D4E /* Project object */ = {
			isa = PBXProject;
			attributes = {
				LastSwiftUpdateCheck = 1130;
				LastUpgradeCheck = 1130;
				ORGANIZATIONNAME = Ember;
				TargetAttributes = {
					16240DAC26D88BF700D28D4E = {
						CreatedOnToolsVersion = 11.3;
					};
				};
			};
			buildConfigurationList = 16240DA826D88BF700D28D4E /* Build configuration list for PBXProject "Again_First_iOS" */;
			compatibilityVersion = "Xcode 9.3";
			developmentRegion = en;
			hasScannedForEncodings = 0;
			knownRegions = (
				en,
				Base,
			);
			mainGroup = 16240DA426D88BF700D28D4E;
			productRefGroup = 16240DAE26D88BF700D28D4E /* Products */;
			projectDirPath = "";
			projectRoot = "";
			targets = (
				16240DAC26D88BF700D28D4E /* Again_First_iOS */,
			);
		};
/* End PBXProject section */

/* Begin PBXResourcesBuildPhase section */
		16240DAB26D88BF700D28D4E /* Resources */ = {
			isa = PBXResourcesBuildPhase;
			buildActionMask = 2147483647;
			files = (
				16240DBD26D88BFA00D28D4E /* LaunchScreen.storyboard in Resources */,
				16240DBA26D88BFA00D28D4E /* Assets.xcassets in Resources */,
				16240DB826D88BF700D28D4E /* Main.storyboard in Resources */,
			);
			runOnlyForDeploymentPostprocessing = 0;
		};
/* End PBXResourcesBuildPhase section */

/* Begin PBXSourcesBuildPhase section */
		16240DA926D88BF700D28D4E /* Sources */ = {
			isa = PBXSourcesBuildPhase;
			buildActionMask = 2147483647;
			files = (
				16240DB526D88BF700D28D4E /* ViewController.swift in Sources */,
				16240DB126D88BF700D28D4E /* AppDelegate.swift in Sources */,
				16240DB326D88BF700D28D4E /* SceneDelegate.swift in Sources */,
			);
			runOnlyForDeploymentPostprocessing = 0;
		};
/* End PBXSourcesBuildPhase section */

/* Begin PBXVariantGroup section */
		16240DB626D88BF700D28D4E /* Main.storyboard */ = {
			isa = PBXVariantGroup;
			children = (
				16240DB726D88BF700D28D4E /* Base */,
			);
			name = Main.storyboard;
			sourceTree = "<group>";
		};
		16240DBB26D88BFA00D28D4E /* LaunchScreen.storyboard */ = {
			isa = PBXVariantGroup;
			children = (
				16240DBC26D88BFA00D28D4E /* Base */,
			);
			name = LaunchScreen.storyboard;
			sourceTree = "<group>";
		};
/* End PBXVariantGroup section */

/* Begin XCBuildConfiguration section */
		16240DBF26D88BFA00D28D4E /* Debug */ = {
			isa = XCBuildConfiguration;
			buildSettings = {
				ALWAYS_SEARCH_USER_PATHS = NO;
				CLANG_ANALYZER_NONNULL = YES;
				CLANG_ANALYZER_NUMBER_OBJECT_CONVERSION = YES_AGGRESSIVE;
				CLANG_CXX_LANGUAGE_STANDARD = "gnu++14";
				CLANG_CXX_LIBRARY = "libc++";
				CLANG_ENABLE_MODULES = YES;
				CLANG_ENABLE_OBJC_ARC = YES;
				CLANG_ENABLE_OBJC_WEAK = YES;
				CLANG_WARN_BLOCK_CAPTURE_AUTORELEASING = YES;
				CLANG_WARN_BOOL_CONVERSION = YES;
				CLANG_WARN_COMMA = YES;
				CLANG_WARN_CONSTANT_CONVERSION = YES;
				CLANG_WARN_DEPRECATED_OBJC_IMPLEMENTATIONS = YES;
				CLANG_WARN_DIRECT_OBJC_ISA_USAGE = YES_ERROR;
				CLANG_WARN_DOCUMENTATION_COMMENTS = YES;
				CLANG_WARN_EMPTY_BODY = YES;
				CLANG_WARN_ENUM_CONVERSION = YES;
				CLANG_WARN_INFINITE_RECURSION = YES;
				CLANG_WARN_INT_CONVERSION = YES;
				CLANG_WARN_NON_LITERAL_NULL_CONVERSION = YES;
				CLANG_WARN_OBJC_IMPLICIT_RETAIN_SELF = YES;
				CLANG_WARN_OBJC_LITERAL_CONVERSION = YES;
				CLANG_WARN_OBJC_ROOT_CLASS = YES_ERROR;
				CLANG_WARN_RANGE_LOOP_ANALYSIS = YES;
				CLANG_WARN_STRICT_PROTOTYPES = YES;
				CLANG_WARN_SUSPICIOUS_MOVE = YES;
				CLANG_WARN_UNGUARDED_AVAILABILITY = YES_AGGRESSIVE;
				CLANG_WARN_UNREACHABLE_CODE = YES;
				CLANG_WARN__DUPLICATE_METHOD_MATCH = YES;
				COPY_PHASE_STRIP = NO;
				DEBUG_INFORMATION_FORMAT = dwarf;
				ENABLE_STRICT_OBJC_MSGSEND = YES;
				ENABLE_TESTABILITY = YES;
				GCC_C_LANGUAGE_STANDARD = gnu11;
				GCC_DYNAMIC_NO_PIC = NO;
				GCC_NO_COMMON_BLOCKS = YES;
				GCC_OPTIMIZATION_LEVEL = 0;
				GCC_PREPROCESSOR_DEFINITIONS = (
					"DEBUG=1",
					"$(inherited)",
				);
				GCC_WARN_64_TO_32_BIT_CONVERSION = YES;
				GCC_WARN_ABOUT_RETURN_TYPE = YES_ERROR;
				GCC_WARN_UNDECLARED_SELECTOR = YES;
				GCC_WARN_UNINITIALIZED_AUTOS = YES_AGGRESSIVE;
				GCC_WARN_UNUSED_FUNCTION = YES;
				GCC_WARN_UNUSED_VARIABLE = YES;
				IPHONEOS_DEPLOYMENT_TARGET = 13.2;
				MTL_ENABLE_DEBUG_INFO = INCLUDE_SOURCE;
				MTL_FAST_MATH = YES;
				ONLY_ACTIVE_ARCH = YES;
				SDKROOT = iphoneos;
				SWIFT_ACTIVE_COMPILATION_CONDITIONS = DEBUG;
				SWIFT_OPTIMIZATION_LEVEL = "-Onone";
			};
			name = Debug;
		};
		16240DC026D88BFA00D28D4E /* Release */ = {
			isa = XCBuildConfiguration;
			buildSettings = {
				ALWAYS_SEARCH_USER_PATHS = NO;
				CLANG_ANALYZER_NONNULL = YES;
				CLANG_ANALYZER_NUMBER_OBJECT_CONVERSION = YES_AGGRESSIVE;
				CLANG_CXX_LANGUAGE_STANDARD = "gnu++14";
				CLANG_CXX_LIBRARY = "libc++";
				CLANG_ENABLE_MODULES = YES;
				CLANG_ENABLE_OBJC_ARC = YES;
				CLANG_ENABLE_OBJC_WEAK = YES;
				CLANG_WARN_BLOCK_CAPTURE_AUTORELEASING = YES;
				CLANG_WARN_BOOL_CONVERSION = YES;
				CLANG_WARN_COMMA = YES;
				CLANG_WARN_CONSTANT_CONVERSION = YES;
				CLANG_WARN_DEPRECATED_OBJC_IMPLEMENTATIONS = YES;
				CLANG_WARN_DIRECT_OBJC_ISA_USAGE = YES_ERROR;
				CLANG_WARN_DOCUMENTATION_COMMENTS = YES;
				CLANG_WARN_EMPTY_BODY = YES;
				CLANG_WARN_ENUM_CONVERSION = YES;
				CLANG_WARN_INFINITE_RECURSION = YES;
				CLANG_WARN_INT_CONVERSION = YES;
				CLANG_WARN_NON_LITERAL_NULL_CONVERSION = YES;
				CLANG_WARN_OBJC_IMPLICIT_RETAIN_SELF = YES;
				CLANG_WARN_OBJC_LITERAL_CONVERSION = YES;
				CLANG_WARN_OBJC_ROOT_CLASS = YES_ERROR;
				CLANG_WARN_RANGE_LOOP_ANALYSIS = YES;
				CLANG_WARN_STRICT_PROTOTYPES = YES;
				CLANG_WARN_SUSPICIOUS_MOVE = YES;
				CLANG_WARN_UNGUARDED_AVAILABILITY = YES_AGGRESSIVE;
				CLANG_WARN_UNREACHABLE_CODE = YES;
				CLANG_WARN__DUPLICATE_METHOD_MATCH = YES;
				COPY_PHASE_STRIP = NO;
				DEBUG_INFORMATION_FORMAT = "dwarf-with-dsym";
				ENABLE_NS_ASSERTIONS = NO;
				ENABLE_STRICT_OBJC_MSGSEND = YES;
				GCC_C_LANGUAGE_STANDARD = gnu11;
				GCC_NO_COMMON_BLOCKS = YES;
				GCC_WARN_64_TO_32_BIT_CONVERSION = YES;
				GCC_WARN_ABOUT_RETURN_TYPE = YES_ERROR;
				GCC_WARN_UNDECLARED_SELECTOR = YES;
				GCC_WARN_UNINITIALIZED_AUTOS = YES_AGGRESSIVE;
				GCC_WARN_UNUSED_FUNCTION = YES;
				GCC_WARN_UNUSED_VARIABLE = YES;
				IPHONEOS_DEPLOYMENT_TARGET = 13.2;
				MTL_ENABLE_DEBUG_INFO = NO;
				MTL_FAST_MATH = YES;
				SDKROOT = iphoneos;
				SWIFT_COMPILATION_MODE = wholemodule;
				SWIFT_OPTIMIZATION_LEVEL = "-O";
				VALIDATE_PRODUCT = YES;
			};
			name = Release;
		};
		16240DC226D88BFA00D28D4E /* Debug */ = {
			isa = XCBuildConfiguration;
			buildSettings = {
				ASSETCATALOG_COMPILER_APPICON_NAME = AppIcon;
				CODE_SIGN_STYLE = Automatic;
				INFOPLIST_FILE = Again_First_iOS/Info.plist;
				LD_RUNPATH_SEARCH_PATHS = (
					"$(inherited)",
					"@executable_path/Frameworks",
				);
				PRODUCT_BUNDLE_IDENTIFIER = "com.ember.Again-First-iOS";
				PRODUCT_NAME = "$(TARGET_NAME)";
				SWIFT_VERSION = 5.0;
				TARGETED_DEVICE_FAMILY = "1,2";
			};
			name = Debug;
		};
		16240DC326D88BFA00D28D4E /* Release */ = {
			isa = XCBuildConfiguration;
			buildSettings = {
				ASSETCATALOG_COMPILER_APPICON_NAME = AppIcon;
				CODE_SIGN_STYLE = Automatic;
				INFOPLIST_FILE = Again_First_iOS/Info.plist;
				LD_RUNPATH_SEARCH_PATHS = (
					"$(inherited)",
					"@executable_path/Frameworks",
				);
				PRODUCT_BUNDLE_IDENTIFIER = "com.ember.Again-First-iOS";
				PRODUCT_NAME = "$(TARGET_NAME)";
				SWIFT_VERSION = 5.0;
				TARGETED_DEVICE_FAMILY = "1,2";
			};
			name = Release;
		};
/* End XCBuildConfiguration section */

/* Begin XCConfigurationList section */
		16240DA826D88BF700D28D4E /* Build configuration list for PBXProject "Again_First_iOS" */ = {
			isa = XCConfigurationList;
			buildConfigurations = (
				16240DBF26D88BFA00D28D4E /* Debug */,
				16240DC026D88BFA00D28D4E /* Release */,
			);
			defaultConfigurationIsVisible = 0;
			defaultConfigurationName = Release;
		};
		16240DC126D88BFA00D28D4E /* Build configuration list for PBXNativeTarget "Again_First_iOS" */ = {
			isa = XCConfigurationList;
			buildConfigurations = (
				16240DC226D88BFA00D28D4E /* Debug */,
				16240DC326D88BFA00D28D4E /* Release */,
			);
			defaultConfigurationIsVisible = 0;
			defaultConfigurationName = Release;
		};
/* End XCConfigurationList section */
	};
	rootObject = 16240DA526D88BF700D28D4E /* Project object */;
}
